
Microsoft Visual Studio Solution File, Format Version 12.00
# Visual Studio Version 16
VisualStudioVersion = 16.0.29519.181
MinimumVisualStudioVersion = 10.0.40219.1
Project("{9A19103F-16F7-4668-BE54-9A1E7A4F7556}") = "DickinsonBros.DurableRest", "DickinsonBros.DurableRest\DickinsonBros.DurableRest.csproj", "{8C0E8E52-5580-49FF-BD7F-8D36936303FC}"
EndProject
Project("{2150E333-8FDC-42A3-9474-1A3956D46DE8}") = "1 Library", "1 Library", "{FBB04102-B7D5-48D4-BEFA-0BD9CFEE55EC}"
EndProject
Project("{9A19103F-16F7-4668-BE54-9A1E7A4F7556}") = "DickinsonBros.DurableRest.Tests", "DickinsonBros.DurableRest.Tests\DickinsonBros.DurableRest.Tests.csproj", "{2ED1659D-C319-4712-BD99-6D7620F7342F}"
EndProject
Project("{2150E333-8FDC-42A3-9474-1A3956D46DE8}") = "9 Misc", "9 Misc", "{1AE6DF18-C06D-4A58-B3EE-6EFAB37DEC1C}"
	ProjectSection(SolutionItems) = preProject
		Scripts\CreateNugetPackagePreRelease.ps1 = Scripts\CreateNugetPackagePreRelease.ps1
		DickinsonBros.DurableRest.runsettings = DickinsonBros.DurableRest.runsettings
		Scripts\Publish.yml = Scripts\Publish.yml
		Scripts\Test.yml = Scripts\Test.yml
	EndProjectSection
EndProject
Project("{2150E333-8FDC-42A3-9474-1A3956D46DE8}") = "2 Runner", "2 Runner", "{233B141B-1505-48B4-8232-D6B5695378B2}"
EndProject
Project("{9A19103F-16F7-4668-BE54-9A1E7A4F7556}") = "DickinsonBros.DurableRest.Runner", "DickinsonBros.DurableRest.Runner\DickinsonBros.DurableRest.Runner.csproj", "{91100B6E-0A82-4114-ACE1-34F327203C3C}"
EndProject
Global
	GlobalSection(SolutionConfigurationPlatforms) = preSolution
		Debug|Any CPU = Debug|Any CPU
		Release|Any CPU = Release|Any CPU
	EndGlobalSection
	GlobalSection(ProjectConfigurationPlatforms) = postSolution
		{8C0E8E52-5580-49FF-BD7F-8D36936303FC}.Debug|Any CPU.ActiveCfg = Debug|Any CPU
		{8C0E8E52-5580-49FF-BD7F-8D36936303FC}.Debug|Any CPU.Build.0 = Debug|Any CPU
		{8C0E8E52-5580-49FF-BD7F-8D36936303FC}.Release|Any CPU.ActiveCfg = Release|Any CPU
		{8C0E8E52-5580-49FF-BD7F-8D36936303FC}.Release|Any CPU.Build.0 = Release|Any CPU
		{2ED1659D-C319-4712-BD99-6D7620F7342F}.Debug|Any CPU.ActiveCfg = Debug|Any CPU
		{2ED1659D-C319-4712-BD99-6D7620F7342F}.Debug|Any CPU.Build.0 = Debug|Any CPU
		{2ED1659D-C319-4712-BD99-6D7620F7342F}.Release|Any CPU.ActiveCfg = Release|Any CPU
		{2ED1659D-C319-4712-BD99-6D7620F7342F}.Release|Any CPU.Build.0 = Release|Any CPU
		{91100B6E-0A82-4114-ACE1-34F327203C3C}.Debug|Any CPU.ActiveCfg = Debug|Any CPU
		{91100B6E-0A82-4114-ACE1-34F327203C3C}.Debug|Any CPU.Build.0 = Debug|Any CPU
		{91100B6E-0A82-4114-ACE1-34F327203C3C}.Release|Any CPU.ActiveCfg = Release|Any CPU
		{91100B6E-0A82-4114-ACE1-34F327203C3C}.Release|Any CPU.Build.0 = Release|Any CPU
	EndGlobalSection
	GlobalSection(SolutionProperties) = preSolution
		HideSolutionNode = FALSE
	EndGlobalSection
	GlobalSection(NestedProjects) = preSolution
		{8C0E8E52-5580-49FF-BD7F-8D36936303FC} = {FBB04102-B7D5-48D4-BEFA-0BD9CFEE55EC}
		{2ED1659D-C319-4712-BD99-6D7620F7342F} = {FBB04102-B7D5-48D4-BEFA-0BD9CFEE55EC}
		{91100B6E-0A82-4114-ACE1-34F327203C3C} = {233B141B-1505-48B4-8232-D6B5695378B2}
	EndGlobalSection
	GlobalSection(ExtensibilityGlobals) = postSolution
		SolutionGuid = {F7E0EB73-4D89-4509-AF91-D7AE4745CE57}
	EndGlobalSection
EndGlobal
