
Microsoft Visual Studio Solution File, Format Version 12.00
# Visual Studio Version 16
VisualStudioVersion = 16.0.29519.181
MinimumVisualStudioVersion = 10.0.40219.1
Project("{9A19103F-16F7-4668-BE54-9A1E7A4F7556}") = "DickinsonBros.DurableRest", "DickinsonBros.DurableRest\DickinsonBros.DurableRest.csproj", "{8C0E8E52-5580-49FF-BD7F-8D36936303FC}"
EndProject
Project("{2150E333-8FDC-42A3-9474-1A3956D46DE8}") = "1 Library", "1 Library", "{FBB04102-B7D5-48D4-BEFA-0BD9CFEE55EC}"
EndProject
Project("{9A19103F-16F7-4668-BE54-9A1E7A4F7556}") = "DickinsonBros.DurableRest.Tests", "DickinsonBros.DurableRest.Tests\DickinsonBros.DurableRest.Tests.csproj", "{2ED1659D-C319-4712-BD99-6D7620F7342F}"
EndProject
Project("{2150E333-8FDC-42A3-9474-1A3956D46DE8}") = "9 Misc", "9 Misc", "{DC50ADE2-B3C6-42D0-A90B-4202F0188D0A}"
	ProjectSection(SolutionItems) = preProject
		Scripts\CreateNugetPackage.ps1 = Scripts\CreateNugetPackage.ps1
		Scripts\CreateNugetPackagePreRelease.ps1 = Scripts\CreateNugetPackagePreRelease.ps1
	EndProjectSection
EndProject
Project("{2150E333-8FDC-42A3-9474-1A3956D46DE8}") = "8 Intergration Runner", "8 Intergration Runner", "{CF9C151E-2D09-4085-8B69-0697BAEA9F16}"
EndProject
Project("{FAE04EC0-301F-11D3-BF4B-00C04F79EFBC}") = "DickinsonBros.DurableRest.Runner", "DickinsonBros.DurableRest.Runner\DickinsonBros.DurableRest.Runner.csproj", "{9D95156B-95F5-4123-B3F3-8A2961322430}"
EndProject
Global
	GlobalSection(SolutionConfigurationPlatforms) = preSolution
		Debug|Any CPU = Debug|Any CPU
		Release|Any CPU = Release|Any CPU
	EndGlobalSection
	GlobalSection(ProjectConfigurationPlatforms) = postSolution
		{8C0E8E52-5580-49FF-BD7F-8D36936303FC}.Debug|Any CPU.ActiveCfg = Debug|Any CPU
		{8C0E8E52-5580-49FF-BD7F-8D36936303FC}.Debug|Any CPU.Build.0 = Debug|Any CPU
		{8C0E8E52-5580-49FF-BD7F-8D36936303FC}.Release|Any CPU.ActiveCfg = Release|Any CPU
		{8C0E8E52-5580-49FF-BD7F-8D36936303FC}.Release|Any CPU.Build.0 = Release|Any CPU
		{2ED1659D-C319-4712-BD99-6D7620F7342F}.Debug|Any CPU.ActiveCfg = Debug|Any CPU
		{2ED1659D-C319-4712-BD99-6D7620F7342F}.Debug|Any CPU.Build.0 = Debug|Any CPU
		{2ED1659D-C319-4712-BD99-6D7620F7342F}.Release|Any CPU.ActiveCfg = Release|Any CPU
		{2ED1659D-C319-4712-BD99-6D7620F7342F}.Release|Any CPU.Build.0 = Release|Any CPU
		{9D95156B-95F5-4123-B3F3-8A2961322430}.Debug|Any CPU.ActiveCfg = Debug|Any CPU
		{9D95156B-95F5-4123-B3F3-8A2961322430}.Debug|Any CPU.Build.0 = Debug|Any CPU
		{9D95156B-95F5-4123-B3F3-8A2961322430}.Release|Any CPU.ActiveCfg = Release|Any CPU
		{9D95156B-95F5-4123-B3F3-8A2961322430}.Release|Any CPU.Build.0 = Release|Any CPU
	EndGlobalSection
	GlobalSection(SolutionProperties) = preSolution
		HideSolutionNode = FALSE
	EndGlobalSection
	GlobalSection(NestedProjects) = preSolution
		{8C0E8E52-5580-49FF-BD7F-8D36936303FC} = {FBB04102-B7D5-48D4-BEFA-0BD9CFEE55EC}
		{2ED1659D-C319-4712-BD99-6D7620F7342F} = {FBB04102-B7D5-48D4-BEFA-0BD9CFEE55EC}
		{9D95156B-95F5-4123-B3F3-8A2961322430} = {CF9C151E-2D09-4085-8B69-0697BAEA9F16}
	EndGlobalSection
	GlobalSection(ExtensibilityGlobals) = postSolution
		SolutionGuid = {F7E0EB73-4D89-4509-AF91-D7AE4745CE57}
	EndGlobalSection
EndGlobal
